
Microsoft Visual Studio Solution File, Format Version 12.00
# Visual Studio Version 16
VisualStudioVersion = 16.0.30011.22
MinimumVisualStudioVersion = 10.0.40219.1
Project("{FAE04EC0-301F-11D3-BF4B-00C04F79EFBC}") = "NYTimesSearch", "NYTimesSearch\NYTimesSearch.csproj", "{2D1C6692-D0D1-40D6-837D-99655E69408E}"
EndProject
Global
	GlobalSection(SolutionConfigurationPlatforms) = preSolution
		Debug|Any CPU = Debug|Any CPU
		Release|Any CPU = Release|Any CPU
	EndGlobalSection
	GlobalSection(ProjectConfigurationPlatforms) = postSolution
		{2D1C6692-D0D1-40D6-837D-99655E69408E}.Debug|Any CPU.ActiveCfg = Debug|Any CPU
		{2D1C6692-D0D1-40D6-837D-99655E69408E}.Debug|Any CPU.Build.0 = Debug|Any CPU
		{2D1C6692-D0D1-40D6-837D-99655E69408E}.Release|Any CPU.ActiveCfg = Release|Any CPU
		{2D1C6692-D0D1-40D6-837D-99655E69408E}.Release|Any CPU.Build.0 = Release|Any CPU
	EndGlobalSection
	GlobalSection(SolutionProperties) = preSolution
		HideSolutionNode = FALSE
	EndGlobalSection
	GlobalSection(ExtensibilityGlobals) = postSolution
		SolutionGuid = {E688B9EA-6FE4-4A19-A788-759B0175BCA7}
	EndGlobalSection
EndGlobal
